
Microsoft Visual Studio Solution File, Format Version 12.00
# Visual Studio 15
VisualStudioVersion = 15.0.27703.2000
MinimumVisualStudioVersion = 10.0.40219.1
Project("{FAE04EC0-301F-11D3-BF4B-00C04F79EFBC}") = "ParkingWebApi", "ParkingWebApi\ParkingWebApi.csproj", "{FC0AA8D1-C550-4C1B-8FCA-AF3E0A5AF08B}"
EndProject
Project("{FAE04EC0-301F-11D3-BF4B-00C04F79EFBC}") = "ParkingLibrary", "ParkingLibrary\ParkingLibrary.csproj", "{7092DD70-EE0F-4CC0-B33B-0A0F01A98C05}"
EndProject
Global
	GlobalSection(SolutionConfigurationPlatforms) = preSolution
		Debug|Any CPU = Debug|Any CPU
		Release|Any CPU = Release|Any CPU
	EndGlobalSection
	GlobalSection(ProjectConfigurationPlatforms) = postSolution
		{FC0AA8D1-C550-4C1B-8FCA-AF3E0A5AF08B}.Debug|Any CPU.ActiveCfg = Debug|Any CPU
		{FC0AA8D1-C550-4C1B-8FCA-AF3E0A5AF08B}.Debug|Any CPU.Build.0 = Debug|Any CPU
		{FC0AA8D1-C550-4C1B-8FCA-AF3E0A5AF08B}.Release|Any CPU.ActiveCfg = Release|Any CPU
		{FC0AA8D1-C550-4C1B-8FCA-AF3E0A5AF08B}.Release|Any CPU.Build.0 = Release|Any CPU
		{7092DD70-EE0F-4CC0-B33B-0A0F01A98C05}.Debug|Any CPU.ActiveCfg = Debug|Any CPU
		{7092DD70-EE0F-4CC0-B33B-0A0F01A98C05}.Debug|Any CPU.Build.0 = Debug|Any CPU
		{7092DD70-EE0F-4CC0-B33B-0A0F01A98C05}.Release|Any CPU.ActiveCfg = Release|Any CPU
		{7092DD70-EE0F-4CC0-B33B-0A0F01A98C05}.Release|Any CPU.Build.0 = Release|Any CPU
	EndGlobalSection
	GlobalSection(SolutionProperties) = preSolution
		HideSolutionNode = FALSE
	EndGlobalSection
	GlobalSection(ExtensibilityGlobals) = postSolution
		SolutionGuid = {64C6A223-D190-41BC-9C5E-2D5D30AC29E3}
	EndGlobalSection
EndGlobal
